
Microsoft Visual Studio Solution File, Format Version 12.00
Project("{FAE04EC0-301F-11D3-BF4B-00C04F79EFBC}") = "ObligatorioArqBackEnd.WebApi", "ObligatorioArqBackEnd.WebApi\ObligatorioArqBackEnd.WebApi.csproj", "{B4683B22-66E0-4767-87A2-7E83AF55C9B7}"
EndProject
Global
	GlobalSection(SolutionConfigurationPlatforms) = preSolution
		Debug|Any CPU = Debug|Any CPU
		Release|Any CPU = Release|Any CPU
	EndGlobalSection
	GlobalSection(ProjectConfigurationPlatforms) = postSolution
		{B4683B22-66E0-4767-87A2-7E83AF55C9B7}.Debug|Any CPU.ActiveCfg = Debug|Any CPU
		{B4683B22-66E0-4767-87A2-7E83AF55C9B7}.Debug|Any CPU.Build.0 = Debug|Any CPU
		{B4683B22-66E0-4767-87A2-7E83AF55C9B7}.Release|Any CPU.ActiveCfg = Release|Any CPU
		{B4683B22-66E0-4767-87A2-7E83AF55C9B7}.Release|Any CPU.Build.0 = Release|Any CPU
	EndGlobalSection
EndGlobal
