
Microsoft Visual Studio Solution File, Format Version 12.00
Project("{FAE04EC0-301F-11D3-BF4B-00C04F79EFBC}") = "QuickSplit.WebApi", "QuickSplit.WebApi\QuickSplit.WebApi.csproj", "{D621B3F1-82D9-4916-8BA3-4F67F2A6E065}"
EndProject
Project("{FAE04EC0-301F-11D3-BF4B-00C04F79EFBC}") = "QuickSplit.Application", "QuickSplit.Application\QuickSplit.Application.csproj", "{90A96003-52B0-48E6-BD9F-AD59614D3871}"
EndProject
Project("{FAE04EC0-301F-11D3-BF4B-00C04F79EFBC}") = "QuickSplit.Domain", "QuickSplit.Domain\QuickSplit.Domain.csproj", "{3641F2B7-A3A4-4514-9547-DC5C1AFAC97A}"
EndProject
Project("{FAE04EC0-301F-11D3-BF4B-00C04F79EFBC}") = "QuickSplit.Persistence", "QuickSplit.Persistence\QuickSplit.Persistence.csproj", "{4043BD7E-1567-45EB-8CED-19A60804D725}"
EndProject
Project("{2150E333-8FDC-42A3-9474-1A3956D46DE8}") = "Test", "Test", "{B84F7D01-10ED-4607-9531-B15146A2CA27}"
EndProject
Project("{FAE04EC0-301F-11D3-BF4B-00C04F79EFBC}") = "QuickSplit.Test.Domain", "QuickSplit.Test.Domain\QuickSplit.Test.Domain.csproj", "{641464DE-F52B-4F8F-98DD-3D67D34A1408}"
EndProject
Project("{FAE04EC0-301F-11D3-BF4B-00C04F79EFBC}") = "QuickSplit.Test.Application", "QuickSplit.Test.Application\QuickSplit.Test.Application.csproj", "{21854569-7C7A-48F2-BE72-98901966269B}"
EndProject
Project("{2150E333-8FDC-42A3-9474-1A3956D46DE8}") = "Infrastructure", "Infrastructure", "{F05013A5-3E87-4EDD-8EDB-EB4346C671D6}"
EndProject
Project("{FAE04EC0-301F-11D3-BF4B-00C04F79EFBC}") = "QuickSplit.PasswordHasher", "QuickSplit.PasswordHasher\QuickSplit.PasswordHasher.csproj", "{7BAE7166-B288-40B2-9023-9FB651AF5FA7}"
EndProject
Project("{FAE04EC0-301F-11D3-BF4B-00C04F79EFBC}") = "QuickSplit.Tests.Integration", "QuickSplit.Tests.Integration\QuickSplit.Tests.Integration.csproj", "{9CBB4176-9578-4884-BB51-9B935FD1ACCD}"
EndProject
Global
	GlobalSection(SolutionConfigurationPlatforms) = preSolution
		Debug|Any CPU = Debug|Any CPU
		Release|Any CPU = Release|Any CPU
	EndGlobalSection
	GlobalSection(ProjectConfigurationPlatforms) = postSolution
		{D621B3F1-82D9-4916-8BA3-4F67F2A6E065}.Debug|Any CPU.ActiveCfg = Debug|Any CPU
		{D621B3F1-82D9-4916-8BA3-4F67F2A6E065}.Debug|Any CPU.Build.0 = Debug|Any CPU
		{D621B3F1-82D9-4916-8BA3-4F67F2A6E065}.Release|Any CPU.ActiveCfg = Release|Any CPU
		{D621B3F1-82D9-4916-8BA3-4F67F2A6E065}.Release|Any CPU.Build.0 = Release|Any CPU
		{90A96003-52B0-48E6-BD9F-AD59614D3871}.Debug|Any CPU.ActiveCfg = Debug|Any CPU
		{90A96003-52B0-48E6-BD9F-AD59614D3871}.Debug|Any CPU.Build.0 = Debug|Any CPU
		{90A96003-52B0-48E6-BD9F-AD59614D3871}.Release|Any CPU.ActiveCfg = Release|Any CPU
		{90A96003-52B0-48E6-BD9F-AD59614D3871}.Release|Any CPU.Build.0 = Release|Any CPU
		{3641F2B7-A3A4-4514-9547-DC5C1AFAC97A}.Debug|Any CPU.ActiveCfg = Debug|Any CPU
		{3641F2B7-A3A4-4514-9547-DC5C1AFAC97A}.Debug|Any CPU.Build.0 = Debug|Any CPU
		{3641F2B7-A3A4-4514-9547-DC5C1AFAC97A}.Release|Any CPU.ActiveCfg = Release|Any CPU
		{3641F2B7-A3A4-4514-9547-DC5C1AFAC97A}.Release|Any CPU.Build.0 = Release|Any CPU
		{4043BD7E-1567-45EB-8CED-19A60804D725}.Debug|Any CPU.ActiveCfg = Debug|Any CPU
		{4043BD7E-1567-45EB-8CED-19A60804D725}.Debug|Any CPU.Build.0 = Debug|Any CPU
		{4043BD7E-1567-45EB-8CED-19A60804D725}.Release|Any CPU.ActiveCfg = Release|Any CPU
		{4043BD7E-1567-45EB-8CED-19A60804D725}.Release|Any CPU.Build.0 = Release|Any CPU
		{641464DE-F52B-4F8F-98DD-3D67D34A1408}.Debug|Any CPU.ActiveCfg = Debug|Any CPU
		{641464DE-F52B-4F8F-98DD-3D67D34A1408}.Debug|Any CPU.Build.0 = Debug|Any CPU
		{641464DE-F52B-4F8F-98DD-3D67D34A1408}.Release|Any CPU.ActiveCfg = Release|Any CPU
		{641464DE-F52B-4F8F-98DD-3D67D34A1408}.Release|Any CPU.Build.0 = Release|Any CPU
		{21854569-7C7A-48F2-BE72-98901966269B}.Debug|Any CPU.ActiveCfg = Debug|Any CPU
		{21854569-7C7A-48F2-BE72-98901966269B}.Debug|Any CPU.Build.0 = Debug|Any CPU
		{21854569-7C7A-48F2-BE72-98901966269B}.Release|Any CPU.ActiveCfg = Release|Any CPU
		{21854569-7C7A-48F2-BE72-98901966269B}.Release|Any CPU.Build.0 = Release|Any CPU
		{7BAE7166-B288-40B2-9023-9FB651AF5FA7}.Debug|Any CPU.ActiveCfg = Debug|Any CPU
		{7BAE7166-B288-40B2-9023-9FB651AF5FA7}.Debug|Any CPU.Build.0 = Debug|Any CPU
		{7BAE7166-B288-40B2-9023-9FB651AF5FA7}.Release|Any CPU.ActiveCfg = Release|Any CPU
		{7BAE7166-B288-40B2-9023-9FB651AF5FA7}.Release|Any CPU.Build.0 = Release|Any CPU
		{9CBB4176-9578-4884-BB51-9B935FD1ACCD}.Debug|Any CPU.ActiveCfg = Debug|Any CPU
		{9CBB4176-9578-4884-BB51-9B935FD1ACCD}.Debug|Any CPU.Build.0 = Debug|Any CPU
		{9CBB4176-9578-4884-BB51-9B935FD1ACCD}.Release|Any CPU.ActiveCfg = Release|Any CPU
		{9CBB4176-9578-4884-BB51-9B935FD1ACCD}.Release|Any CPU.Build.0 = Release|Any CPU
	EndGlobalSection
	GlobalSection(NestedProjects) = preSolution
		{641464DE-F52B-4F8F-98DD-3D67D34A1408} = {B84F7D01-10ED-4607-9531-B15146A2CA27}
		{21854569-7C7A-48F2-BE72-98901966269B} = {B84F7D01-10ED-4607-9531-B15146A2CA27}
		{7BAE7166-B288-40B2-9023-9FB651AF5FA7} = {F05013A5-3E87-4EDD-8EDB-EB4346C671D6}
		{9CBB4176-9578-4884-BB51-9B935FD1ACCD} = {B84F7D01-10ED-4607-9531-B15146A2CA27}
	EndGlobalSection
EndGlobal
